# This file is automatically @generated by Poetry 2.1.2 and should not be changed by hand.

[[package]]
name = "bitarray"
version = "3.3.1"
description = "efficient arrays of booleans -- C extension"
optional = false
python-versions = "*"
groups = ["main"]
files = [
    {file = "bitarray-3.3.1-cp310-cp310-macosx_10_9_x86_64.whl", hash = "sha256:811f559e0e5fca85d26b834e02f2a767aa7765e6b1529d4b2f9d4e9015885b4b"},
    {file = "bitarray-3.3.1-cp310-cp310-macosx_11_0_arm64.whl", hash = "sha256:e44be933a60b27ef0378a2fdc111ae4ac53a090169db9f97219910cac51ff885"},
    {file = "bitarray-3.3.1-cp310-cp310-manylinux_2_17_aarch64.manylinux2014_aarch64.whl", hash = "sha256:5aacbf54ad69248e17aab92a9f2d8a0a7efaea9d5401207cb9dac41d46294d56"},
    {file = "bitarray-3.3.1-cp310-cp310-manylinux_2_17_ppc64le.manylinux2014_ppc64le.whl", hash = "sha256:3fcdaf79970b41cfe21b6cf6a7bbe2d0f17e3371a4d839f1279283ac03dd2a47"},
    {file = "bitarray-3.3.1-cp310-cp310-manylinux_2_17_s390x.manylinux2014_s390x.whl", hash = "sha256:9aa5cf7a6a8597968ff6f4e7488d5518bba911344b32b7948012a41ca3ae7e41"},
    {file = "bitarray-3.3.1-cp310-cp310-manylinux_2_17_x86_64.manylinux2014_x86_64.whl", hash = "sha256:dc448e4871fc4df22dd04db4a7b34829e5c3404003b9b1709b6b496d340db9c7"},
    {file = "bitarray-3.3.1-cp310-cp310-manylinux_2_5_i686.manylinux1_i686.manylinux_2_17_i686.manylinux2014_i686.whl", hash = "sha256:51ce410a2d91da4b98d0f043df9e0938c33a2d9ad4a370fa8ec1ce7352fc20d9"},
    {file = "bitarray-3.3.1-cp310-cp310-musllinux_1_2_aarch64.whl", hash = "sha256:f7eb851d62a3166b8d1da5d5740509e215fa5b986467bf135a5a2d197bf16345"},
    {file = "bitarray-3.3.1-cp310-cp310-musllinux_1_2_i686.whl", hash = "sha256:69679fcd5f2c4b7c8920d2824519e3bff81a18fac25acf33ded4524ea68d8a39"},
    {file = "bitarray-3.3.1-cp310-cp310-musllinux_1_2_ppc64le.whl", hash = "sha256:9c8f580590822df5675b9bc04b9df534be23a4917f709f9483fa554fd2e0a4df"},
    {file = "bitarray-3.3.1-cp310-cp310-musllinux_1_2_s390x.whl", hash = "sha256:5500052aaf761afede3763434097a59042e22fbde508c88238d34105c13564c0"},
    {file = "bitarray-3.3.1-cp310-cp310-musllinux_1_2_x86_64.whl", hash = "sha256:e95f13d615f91da5a5ee5a782d9041c58be051661843416f2df9453f57008d40"},
    {file = "bitarray-3.3.1-cp310-cp310-win32.whl", hash = "sha256:4ddef0b620db43dfde43fe17448ddc37289f67ad9a8ae39ffa64fa7bf529145f"},
    {file = "bitarray-3.3.1-cp310-cp310-win_amd64.whl", hash = "sha256:d3f5cec4f8d27284f559a0d7c4a4bdfbae74d3b69d09c3f3b53989a730833ad8"},
    {file = "bitarray-3.3.1-cp311-cp311-macosx_10_9_x86_64.whl", hash = "sha256:76abaeac4f94eda1755eed633a720c1f5f90048cb7ea4ab217ea84c48414189a"},
    {file = "bitarray-3.3.1-cp311-cp311-macosx_11_0_arm64.whl", hash = "sha256:75eb4d353dcf571d98e2818119af303fb0181b54361ac9a3e418b31c08131e56"},
    {file = "bitarray-3.3.1-cp311-cp311-manylinux_2_17_aarch64.manylinux2014_aarch64.whl", hash = "sha256:e61b7552c953e58cf2d82b95843ca410eef18af2a5380f3ff058d21eaf902eda"},
    {file = "bitarray-3.3.1-cp311-cp311-manylinux_2_17_ppc64le.manylinux2014_ppc64le.whl", hash = "sha256:d40dbc3609f1471ca3c189815ab4596adae75d8ee0da01412b2e3d0f6e94ab46"},
    {file = "bitarray-3.3.1-cp311-cp311-manylinux_2_17_s390x.manylinux2014_s390x.whl", hash = "sha256:d2c8b7da269eb877cc2361d868fdcb63bfe7b5821c5b3ea2640be3f4b047b4bb"},
    {file = "bitarray-3.3.1-cp311-cp311-manylinux_2_17_x86_64.manylinux2014_x86_64.whl", hash = "sha256:e362fc7a72fd00f641b3d6ed91076174cae36f49183afe8b4b4b77a2b5a116b0"},
    {file = "bitarray-3.3.1-cp311-cp311-manylinux_2_5_i686.manylinux1_i686.manylinux_2_17_i686.manylinux2014_i686.whl", hash = "sha256:f51322a55687f1ac075b897d409d0314a81f1ec55ebae96eeca40c9e8ad4a1c1"},
    {file = "bitarray-3.3.1-cp311-cp311-musllinux_1_2_aarch64.whl", hash = "sha256:dea204d3c6ec17fc3084c1db11bcad1347f707b7f5c08664e116a9c75ca134e9"},
    {file = "bitarray-3.3.1-cp311-cp311-musllinux_1_2_i686.whl", hash = "sha256:ea48f168274d60f900f847dd5fff9bd9d4e4f8af5a84149037c2b5fe1712fa0b"},
    {file = "bitarray-3.3.1-cp311-cp311-musllinux_1_2_ppc64le.whl", hash = "sha256:8076650a08cec080f6726860c769320c27eb4379cfd22e2f5732787dec119bfe"},
    {file = "bitarray-3.3.1-cp311-cp311-musllinux_1_2_s390x.whl", hash = "sha256:653d56c58197940f0c1305cb474b75597421b424be99284915bb4f3529d51837"},
    {file = "bitarray-3.3.1-cp311-cp311-musllinux_1_2_x86_64.whl", hash = "sha256:5d47d349468177afbe77e5306e70fd131d8da6946dd22ed93cbe70c5f2965307"},
    {file = "bitarray-3.3.1-cp311-cp311-win32.whl", hash = "sha256:ac5d80cd43a9a995a501b4e3b38802628b35065e896f79d33430989e2e3f0870"},
    {file = "bitarray-3.3.1-cp311-cp311-win_amd64.whl", hash = "sha256:52edf707f2fddb6a60a20093c3051c1925830d8c4e7fb2692aac2ee970cee2b0"},
    {file = "bitarray-3.3.1-cp312-cp312-macosx_10_13_x86_64.whl", hash = "sha256:673a21ebb6c72904d7de58fe8c557bad614fce773f21ddc86bcf8dd09a387a32"},
    {file = "bitarray-3.3.1-cp312-cp312-macosx_11_0_arm64.whl", hash = "sha256:946e97712014784c3257e4ca45cf5071ffdbbebe83977d429e8f7329d0e2387f"},
    {file = "bitarray-3.3.1-cp312-cp312-manylinux_2_17_aarch64.manylinux2014_aarch64.whl", hash = "sha256:14f04e4eec65891523a8ca3bf9e1dcdefed52d695f40c4e50d5980471ffd22a4"},
    {file = "bitarray-3.3.1-cp312-cp312-manylinux_2_17_ppc64le.manylinux2014_ppc64le.whl", hash = "sha256:0580b905ad589e3be52d36fbc83d32f6e3f6a63751d6c0da0ca328c32d037790"},
    {file = "bitarray-3.3.1-cp312-cp312-manylinux_2_17_s390x.manylinux2014_s390x.whl", hash = "sha256:50da5ecd86ee25df9f658d8724efbe8060de97217fb12a1163bee61d42946d83"},
    {file = "bitarray-3.3.1-cp312-cp312-manylinux_2_17_x86_64.manylinux2014_x86_64.whl", hash = "sha256:42376c9e0a1357acc8830c4c0267e1c30ebd04b2d822af702044962a9f30b795"},
    {file = "bitarray-3.3.1-cp312-cp312-manylinux_2_5_i686.manylinux1_i686.manylinux_2_17_i686.manylinux2014_i686.whl", hash = "sha256:e9b18889a809d8f190e09dd6ee513983e1cdc04c3f23395d237ccf699dce5eaf"},
    {file = "bitarray-3.3.1-cp312-cp312-musllinux_1_2_aarch64.whl", hash = "sha256:f4e2fc0f6a573979462786edbf233fc9e1b644b4e790e8c29796f96bbe45353a"},
    {file = "bitarray-3.3.1-cp312-cp312-musllinux_1_2_i686.whl", hash = "sha256:99ea63932e86b08e36d6246ff8f663728a5baefa7e9a0e2f682864fe13297514"},
    {file = "bitarray-3.3.1-cp312-cp312-musllinux_1_2_ppc64le.whl", hash = "sha256:8627fc0c9806d6dac2fb422d9cd650b0d225f498601381d334685b9f071b793c"},
    {file = "bitarray-3.3.1-cp312-cp312-musllinux_1_2_s390x.whl", hash = "sha256:4bb2fa914a7bbcd7c6a457d44461a8540b9450e9bb4163d734eb74bffba90e69"},
    {file = "bitarray-3.3.1-cp312-cp312-musllinux_1_2_x86_64.whl", hash = "sha256:dd0ba0cc46b9a7d5cee4c4a9733dce2f0aa21caf04fe18d18d2025a4211adc18"},
    {file = "bitarray-3.3.1-cp312-cp312-win32.whl", hash = "sha256:b77a03aba84bf2d2c8f2d5a81af5957da42324d9f701d584236dc735b6a191f8"},
    {file = "bitarray-3.3.1-cp312-cp312-win_amd64.whl", hash = "sha256:dc6407e899fc3148d796fc4c3b0cec78153f034c5ff9baa6ae9c91d7ea05fb45"},
    {file = "bitarray-3.3.1-cp313-cp313-macosx_10_13_x86_64.whl", hash = "sha256:31f21c7df3b40db541182db500f96cf2b9688261baec7b03a6010fdfc5e31855"},
    {file = "bitarray-3.3.1-cp313-cp313-macosx_11_0_arm64.whl", hash = "sha256:4c516daf790bd870d7575ac0e4136f1c3bc180b0de2a6bfa9fa112ea668131a0"},
    {file = "bitarray-3.3.1-cp313-cp313-manylinux_2_17_aarch64.manylinux2014_aarch64.whl", hash = "sha256:b81664adf97f54cb174472f5511075bfb5e8fb13151e9c1592a09b45d544dab0"},
    {file = "bitarray-3.3.1-cp313-cp313-manylinux_2_17_ppc64le.manylinux2014_ppc64le.whl", hash = "sha256:421da43706c9a01d1b1454c34edbff372a7cfeff33879b6c048fc5f4481a9454"},
    {file = "bitarray-3.3.1-cp313-cp313-manylinux_2_17_s390x.manylinux2014_s390x.whl", hash = "sha256:cb388586c9b4d338f9585885a6f4bd2736d4a7a7eb4b63746587cb8d04f7d156"},
    {file = "bitarray-3.3.1-cp313-cp313-manylinux_2_17_x86_64.manylinux2014_x86_64.whl", hash = "sha256:b0bca424ee4d80a4880da332e56d2863e8d75305842c10aa6e94eb975bcad4fc"},
    {file = "bitarray-3.3.1-cp313-cp313-manylinux_2_5_i686.manylinux1_i686.manylinux_2_17_i686.manylinux2014_i686.whl", hash = "sha256:f62738cc16a387aa2f0dc6e93e0b0f48d5b084db249f632a0e3048d5ace783e6"},
    {file = "bitarray-3.3.1-cp313-cp313-musllinux_1_2_aarch64.whl", hash = "sha256:0d11e1a8914321fac34f50c48a9b1f92a1f51f45f9beb23e990806588137c4ca"},
    {file = "bitarray-3.3.1-cp313-cp313-musllinux_1_2_i686.whl", hash = "sha256:434180c1340268763439b80d21e074df24633c8748a867573bafecdbfaa68a76"},
    {file = "bitarray-3.3.1-cp313-cp313-musllinux_1_2_ppc64le.whl", hash = "sha256:518e04584654a155fca829a6fe847cd403a17007e5afdc2b05b4240b53cd0842"},
    {file = "bitarray-3.3.1-cp313-cp313-musllinux_1_2_s390x.whl", hash = "sha256:36851e3244950adc75670354dcd9bcad65e1695933c18762bb6f7590734c14ef"},
    {file = "bitarray-3.3.1-cp313-cp313-musllinux_1_2_x86_64.whl", hash = "sha256:824bd92e53f8e32dfa4bf38643246d1a500b13461ade361d342a8fcc3ddb6905"},
    {file = "bitarray-3.3.1-cp313-cp313-win32.whl", hash = "sha256:8c84c3df9b921439189d0be6ad4f4212085155813475a58fbc5fb3f1d5e8a001"},
    {file = "bitarray-3.3.1-cp313-cp313-win_amd64.whl", hash = "sha256:71838052ad546da110b8a8aaa254bda2e162e65af563d92b15c8bc7ab1642909"},
    {file = "bitarray-3.3.1-cp36-cp36m-macosx_10_9_x86_64.whl", hash = "sha256:131ff1eed8902fb54ea64f8d0bf8fcbbda8ad6b9639d81cacc3a398c7488fecb"},
    {file = "bitarray-3.3.1-cp36-cp36m-manylinux_2_17_aarch64.manylinux2014_aarch64.whl", hash = "sha256:62c2278763edc823e79b8f0a0fdc7c8c9c45a3e982db9355042839c1f0c4ea92"},
    {file = "bitarray-3.3.1-cp36-cp36m-manylinux_2_17_ppc64le.manylinux2014_ppc64le.whl", hash = "sha256:751a2cd05326e1552b56090595ba8d35fe6fef666d5ca9c0a26d329c65a9c4a0"},
    {file = "bitarray-3.3.1-cp36-cp36m-manylinux_2_17_s390x.manylinux2014_s390x.whl", hash = "sha256:d57b3b92bfa453cba737716680292afb313ec92ada6c139847e005f5ac1ad08c"},
    {file = "bitarray-3.3.1-cp36-cp36m-manylinux_2_17_x86_64.manylinux2014_x86_64.whl", hash = "sha256:7c7913d3cf7017bd693177ca0a4262d51587378d9c4ae38d13be3655386f0c27"},
    {file = "bitarray-3.3.1-cp36-cp36m-manylinux_2_5_i686.manylinux1_i686.manylinux_2_17_i686.manylinux2014_i686.whl", hash = "sha256:2441da551787086c57fa8983d43e103fd2519389c8e03302908697138c287d6a"},
    {file = "bitarray-3.3.1-cp36-cp36m-musllinux_1_2_aarch64.whl", hash = "sha256:c17fd3a63b31a21a979962bd3ab0f96d22dcdb79dc5149efc2cf66a16ae0bb59"},
    {file = "bitarray-3.3.1-cp36-cp36m-musllinux_1_2_i686.whl", hash = "sha256:f7cee295219988b50b543791570b013e3f3325867f9650f6233b48cb00b020c2"},
    {file = "bitarray-3.3.1-cp36-cp36m-musllinux_1_2_ppc64le.whl", hash = "sha256:307e4cd6b94de4b4b5b0f4599ffddabde4c33ac22a74998887048d24cb379ad3"},
    {file = "bitarray-3.3.1-cp36-cp36m-musllinux_1_2_s390x.whl", hash = "sha256:1b7e89d4005eee831dc90d50c69af74ece6088f3c1b673d0089c8ef7d5346c37"},
    {file = "bitarray-3.3.1-cp36-cp36m-musllinux_1_2_x86_64.whl", hash = "sha256:8f267edd51db6903c67b2a2b0f780bb0e52d2e92ec569ddd241486eeff347283"},
    {file = "bitarray-3.3.1-cp36-cp36m-win32.whl", hash = "sha256:2fbd399cfdb7dee0bb4705bc8cd51163a9b2f25bb266807d57e5c693e0a14df2"},
    {file = "bitarray-3.3.1-cp36-cp36m-win_amd64.whl", hash = "sha256:551844744d22fe2e37525bd7132d2e9dae5a9621e3d8a43f46bbe6edadb4c63b"},
    {file = "bitarray-3.3.1-cp37-cp37m-macosx_10_9_x86_64.whl", hash = "sha256:492524a28c3aab6a4ef0a741ee9f3578b6606bb52a7a94106c386bdebab1df44"},
    {file = "bitarray-3.3.1-cp37-cp37m-manylinux_2_17_aarch64.manylinux2014_aarch64.whl", hash = "sha256:da225a602cb4a97900e416059bc77d7b0bb8ac5cb6cb3cc734fd01c636387d2b"},
    {file = "bitarray-3.3.1-cp37-cp37m-manylinux_2_17_ppc64le.manylinux2014_ppc64le.whl", hash = "sha256:fd3ed1f7d2d33856252863d5fa976c41013fac4eb0898bf7c3f5341f7ae73e06"},
    {file = "bitarray-3.3.1-cp37-cp37m-manylinux_2_17_s390x.manylinux2014_s390x.whl", hash = "sha256:a1adc8cd484de52b6b11a0e59e087cd3ae593ce4c822c18d4095d16e06e49453"},
    {file = "bitarray-3.3.1-cp37-cp37m-manylinux_2_17_x86_64.manylinux2014_x86_64.whl", hash = "sha256:8360759897d50e4f7ec8be51f788119bd43a61b1fe9c68a508a7ba495144859a"},
    {file = "bitarray-3.3.1-cp37-cp37m-manylinux_2_5_i686.manylinux1_i686.manylinux_2_17_i686.manylinux2014_i686.whl", hash = "sha256:50df8e1915a1acfd9cd0a4657d26cacd5aee4c3286ebb63e9dd75271ea6b54e0"},
    {file = "bitarray-3.3.1-cp37-cp37m-musllinux_1_2_aarch64.whl", hash = "sha256:b9f2247b76e2e8c88f81fb850adb211d9b322f498ae7e5797f7629954f5b9767"},
    {file = "bitarray-3.3.1-cp37-cp37m-musllinux_1_2_i686.whl", hash = "sha256:958b75f26f8abbcb9bc47a8a546a0449ba565d6aac819e5bb80417b93e5777fa"},
    {file = "bitarray-3.3.1-cp37-cp37m-musllinux_1_2_ppc64le.whl", hash = "sha256:54093229fec0f8c605b7873020c07681c1f1f96c433ae082d2da106ab11b206f"},
    {file = "bitarray-3.3.1-cp37-cp37m-musllinux_1_2_s390x.whl", hash = "sha256:58365c6c3e4a5ebbc8f28bf7764f5b00be5c8b1ffbd70474e6f801383f3fe0a0"},
    {file = "bitarray-3.3.1-cp37-cp37m-musllinux_1_2_x86_64.whl", hash = "sha256:af6a09c296aa2d68b25eb154079abd5a58da883db179e9df0fc9215c405be6be"},
    {file = "bitarray-3.3.1-cp37-cp37m-win32.whl", hash = "sha256:b521c2d73f6fa1c461a68c5d220836d0fea9261d5f934833aaffde5114aecffb"},
    {file = "bitarray-3.3.1-cp37-cp37m-win_amd64.whl", hash = "sha256:90178b8c6f75b43612dadf50ff0df08a560e220424ce33cf6d2514d7ab1803a7"},
    {file = "bitarray-3.3.1-cp38-cp38-macosx_10_9_x86_64.whl", hash = "sha256:64a5404a258ef903db67d7911147febf112858ba30c180dae0c23405412e0a2f"},
    {file = "bitarray-3.3.1-cp38-cp38-macosx_11_0_arm64.whl", hash = "sha256:0952d05e1d6b0a736d73d34128b652d7549ba7d00ccc1e7c00efbc6edd687ee3"},
    {file = "bitarray-3.3.1-cp38-cp38-manylinux_2_17_aarch64.manylinux2014_aarch64.whl", hash = "sha256:c17eae957d61fea05d3f2333a95dd79dc4733f3eadf44862cd6d586daae31ea3"},
    {file = "bitarray-3.3.1-cp38-cp38-manylinux_2_17_ppc64le.manylinux2014_ppc64le.whl", hash = "sha256:c00b2ea9aab5b2c623b1901a4c04043fb847c8bd64a2f52518488434eb44c4e6"},
    {file = "bitarray-3.3.1-cp38-cp38-manylinux_2_17_s390x.manylinux2014_s390x.whl", hash = "sha256:a29ad824bf4b735cb119e2c79a4b821ad462aeb4495e80ff186f1a8e48362082"},
    {file = "bitarray-3.3.1-cp38-cp38-manylinux_2_17_x86_64.manylinux2014_x86_64.whl", hash = "sha256:2e92d2d7d405e004f2bdf9ff6d58faed6d04e0b74a9d96905ade61c293abe315"},
    {file = "bitarray-3.3.1-cp38-cp38-manylinux_2_5_i686.manylinux1_i686.manylinux_2_17_i686.manylinux2014_i686.whl", hash = "sha256:833e06b01ff8f5a9f5b52156a23e9930402d964c96130f6d0bd5297e5dec95dc"},
    {file = "bitarray-3.3.1-cp38-cp38-musllinux_1_2_aarch64.whl", hash = "sha256:a0c87ffc5bf3669b0dfa91752653c41c9c38e1fd5b95aeb4c7ee40208c953fcd"},
    {file = "bitarray-3.3.1-cp38-cp38-musllinux_1_2_i686.whl", hash = "sha256:9ce64e247af33fa348694dbf7f4943a60040b5cc04df813649cc8b54c7f54061"},
    {file = "bitarray-3.3.1-cp38-cp38-musllinux_1_2_ppc64le.whl", hash = "sha256:52e8d36933bb3fb132c95c43171f47f07c22dd31536495be20f86ddbf383e3c6"},
    {file = "bitarray-3.3.1-cp38-cp38-musllinux_1_2_s390x.whl", hash = "sha256:434e389958ab98415ed4d9d67dd94c0ac835036a16b488df6736222f4f55ff35"},
    {file = "bitarray-3.3.1-cp38-cp38-musllinux_1_2_x86_64.whl", hash = "sha256:e75c4a1f00f46057f2fc98d717b2eabba09582422fe608158beed2ef0a5642da"},
    {file = "bitarray-3.3.1-cp38-cp38-win32.whl", hash = "sha256:9d6fe373572b20adde2d6a58f8dc900b0cb4eec625b05ca1adbf053772723c78"},
    {file = "bitarray-3.3.1-cp38-cp38-win_amd64.whl", hash = "sha256:eeda85d034a2649b7e4dbd7067411e9c55c1fc65fafb9feb973d810b103e36a0"},
    {file = "bitarray-3.3.1-cp39-cp39-macosx_10_9_x86_64.whl", hash = "sha256:47abbec73f20176e119f5c4c68aaf243c46a5e072b9c182f2c110b5b227256a7"},
    {file = "bitarray-3.3.1-cp39-cp39-macosx_11_0_arm64.whl", hash = "sha256:f46e7fe734b57f3783a324bf3a7053df54299653e646d86558a4b2576cb47208"},
    {file = "bitarray-3.3.1-cp39-cp39-manylinux_2_17_aarch64.manylinux2014_aarch64.whl", hash = "sha256:d2c411b7d3784109dfc33f5f7cdf331d3373b8349a4ad608ee482f1a04c30efe"},
    {file = "bitarray-3.3.1-cp39-cp39-manylinux_2_17_ppc64le.manylinux2014_ppc64le.whl", hash = "sha256:9511420cf727eb6e603dc6f3c122da1a16af38abc92272a715ce68c47b19b140"},
    {file = "bitarray-3.3.1-cp39-cp39-manylinux_2_17_s390x.manylinux2014_s390x.whl", hash = "sha256:39fdd56fd9076a4a34c3cd21e1c84dc861dac5e92c1ed9daed6aed6b11719c8c"},
    {file = "bitarray-3.3.1-cp39-cp39-manylinux_2_17_x86_64.manylinux2014_x86_64.whl", hash = "sha256:638ad50ecbffd05efdfa9f77b24b497b8e523f078315846614c647ebc3389bb5"},
    {file = "bitarray-3.3.1-cp39-cp39-manylinux_2_5_i686.manylinux1_i686.manylinux_2_17_i686.manylinux2014_i686.whl", hash = "sha256:f26f3197779fe5a90a54505334d34ceb948cec6378caea49cd9153b3bbe57566"},
    {file = "bitarray-3.3.1-cp39-cp39-musllinux_1_2_aarch64.whl", hash = "sha256:01299fb36af3e7955967f3dbc4097a2d88845166837899350f411d95a857f8aa"},
    {file = "bitarray-3.3.1-cp39-cp39-musllinux_1_2_i686.whl", hash = "sha256:f1767c325ef4983f52a9d62590f09ea998c06d8d4aa9f13b9eeabaac3536381e"},
    {file = "bitarray-3.3.1-cp39-cp39-musllinux_1_2_ppc64le.whl", hash = "sha256:ed6f9b158c11e7bcf9b0b6788003aed5046a0759e7b25e224d9551a01c779ee7"},
    {file = "bitarray-3.3.1-cp39-cp39-musllinux_1_2_s390x.whl", hash = "sha256:ab52dd26d24061d67f485f3400cc7d3d5696f0246294a372ef09aa8ef31a44c4"},
    {file = "bitarray-3.3.1-cp39-cp39-musllinux_1_2_x86_64.whl", hash = "sha256:0ba347a4dcc990637aa700227675d8033f68b417dcd7ccf660bd2e87e10885ec"},
    {file = "bitarray-3.3.1-cp39-cp39-win32.whl", hash = "sha256:4bda4e4219c6271beec737a5361b009dcf9ff6d84a2df92bf3dd4f4e97bb87e5"},
    {file = "bitarray-3.3.1-cp39-cp39-win_amd64.whl", hash = "sha256:3afe39028afff6e94bb90eb0f8c5eb9357c0e37ce3c249f96dbcfc1a73938015"},
    {file = "bitarray-3.3.1-pp310-pypy310_pp73-macosx_10_15_x86_64.whl", hash = "sha256:c001b7ac2d9cf1a73899cf857d3d66919deca677df26df905852039c46aa30a6"},
    {file = "bitarray-3.3.1-pp310-pypy310_pp73-macosx_11_0_arm64.whl", hash = "sha256:535cc398610ff22dc0341e8833c34be73634a9a0a5d04912b4044e91dfbbc413"},
    {file = "bitarray-3.3.1-pp310-pypy310_pp73-manylinux_2_17_aarch64.manylinux2014_aarch64.whl", hash = "sha256:5dcb5aaaa2d91cc04fa9adfe31222ab150e72d99c779b1ddca10400a2fd319ec"},
    {file = "bitarray-3.3.1-pp310-pypy310_pp73-manylinux_2_17_x86_64.manylinux2014_x86_64.whl", hash = "sha256:54ac6f8d2f696d83f9ccbb4cc4ce321dc80b9fa4613749a8ab23bda5674510ea"},
    {file = "bitarray-3.3.1-pp310-pypy310_pp73-manylinux_2_5_i686.manylinux1_i686.manylinux_2_17_i686.manylinux2014_i686.whl", hash = "sha256:78d069a00a8d06fb68248edd5bf2aa5e8009f4f5eae8dd5b5a529812132ad8a6"},
    {file = "bitarray-3.3.1-pp310-pypy310_pp73-win_amd64.whl", hash = "sha256:cbf063667ef89b0d8b8bd1fcaaa4dcc8c65c17048eb14fb1fa9dbe9cb5197c81"},
    {file = "bitarray-3.3.1-pp37-pypy37_pp73-macosx_10_9_x86_64.whl", hash = "sha256:0b7e1f4139d3f17feba72e386a8f1318fb35182ff65890281e727fd07fdfbd72"},
    {file = "bitarray-3.3.1-pp37-pypy37_pp73-manylinux_2_17_aarch64.manylinux2014_aarch64.whl", hash = "sha256:d030b96f6ccfec0812e2fc1b02ab72d56a408ec215f496a7a25cde31160a88b4"},
    {file = "bitarray-3.3.1-pp37-pypy37_pp73-manylinux_2_17_x86_64.manylinux2014_x86_64.whl", hash = "sha256:bf7ead8b947a14c785d04943ff4743db90b0c40a4cb27e6bef4c3650800a927d"},
    {file = "bitarray-3.3.1-pp37-pypy37_pp73-manylinux_2_5_i686.manylinux1_i686.manylinux_2_17_i686.manylinux2014_i686.whl", hash = "sha256:f5f44d71486949237679a8052cda171244d0be9279776c1d3d276861950dd608"},
    {file = "bitarray-3.3.1-pp37-pypy37_pp73-win_amd64.whl", hash = "sha256:601fedd0e5227a5591e2eae2d35d45a07f030783fc41fd217cdf0c74db554cb9"},
    {file = "bitarray-3.3.1-pp38-pypy38_pp73-macosx_10_9_x86_64.whl", hash = "sha256:7445c34e5d55ec512447efa746f046ecf4627c08281fc6e9ef844423167237bc"},
    {file = "bitarray-3.3.1-pp38-pypy38_pp73-macosx_11_0_arm64.whl", hash = "sha256:24296caffe89af65fc8029a56274db6a268f6a297a5163e65df8177c2dd67b19"},
    {file = "bitarray-3.3.1-pp38-pypy38_pp73-manylinux_2_17_aarch64.manylinux2014_aarch64.whl", hash = "sha256:90b35553c318b49d5ffdaf3d25b6f0117fd5bbfc3be5576fc41ca506ca0e9b8e"},
    {file = "bitarray-3.3.1-pp38-pypy38_pp73-manylinux_2_17_x86_64.manylinux2014_x86_64.whl", hash = "sha256:f937ef83e5666b6266236f59b1f38abe64851fb20e7d8d13033c5168d35ef39d"},
    {file = "bitarray-3.3.1-pp38-pypy38_pp73-manylinux_2_5_i686.manylinux1_i686.manylinux_2_17_i686.manylinux2014_i686.whl", hash = "sha256:86dd5b8031d690afc90430997187a4fc5871bc6b81d73055354b8eb48b3e6342"},
    {file = "bitarray-3.3.1-pp38-pypy38_pp73-win_amd64.whl", hash = "sha256:9101d48f9532ceb6b1d6a5f7d3a2dd5c853015850c65a47045c70f5f2f9ff88f"},
    {file = "bitarray-3.3.1-pp39-pypy39_pp73-macosx_10_15_x86_64.whl", hash = "sha256:7964b17923c1bfa519afe273335023e0800c64bdca854008e75f2b148614d3f2"},
    {file = "bitarray-3.3.1-pp39-pypy39_pp73-macosx_11_0_arm64.whl", hash = "sha256:26a26614bba95f3e4ea8c285206a4efe5ffb99e8539356d78a62491facc326cf"},
    {file = "bitarray-3.3.1-pp39-pypy39_pp73-manylinux_2_17_aarch64.manylinux2014_aarch64.whl", hash = "sha256:1ce3e352f1b7f1201b04600f93035312b00c9f8f4d606048c39adac32b2fb738"},
    {file = "bitarray-3.3.1-pp39-pypy39_pp73-manylinux_2_17_x86_64.manylinux2014_x86_64.whl", hash = "sha256:176991b2769425341da4d52a684795498c0cd4136f4329ba9d524bcb96d26604"},
    {file = "bitarray-3.3.1-pp39-pypy39_pp73-manylinux_2_5_i686.manylinux1_i686.manylinux_2_17_i686.manylinux2014_i686.whl", hash = "sha256:64cef9f2d15261ea667838a4460f75acf4b03d64d53df664357541cc8d2c8183"},
    {file = "bitarray-3.3.1-pp39-pypy39_pp73-win_amd64.whl", hash = "sha256:28d866fa462d77cafbf284aea14102a31dcfdebb9a5abbfb453f6eb6b2deb4fd"},
    {file = "bitarray-3.3.1.tar.gz", hash = "sha256:8c89219a672d0a15ab70f8a6f41bc8355296ec26becef89a127c1a32bb2e6345"},
]

[[package]]
name = "bitstring"
version = "4.3.1"
description = "Simple construction, analysis and modification of binary data."
optional = false
python-versions = ">=3.8"
groups = ["main"]
files = [
    {file = "bitstring-4.3.1-py3-none-any.whl", hash = "sha256:69d1587f0ac18dc7d93fc7e80d5f447161a33e57027e726dc18a0a8bacf1711a"},
    {file = "bitstring-4.3.1.tar.gz", hash = "sha256:a08bc09d3857216d4c0f412a1611056f1cc2b64fd254fb1e8a0afba7cfa1a95a"},
]

[package.dependencies]
bitarray = ">=3.0.0,<4.0"

[[package]]
name = "black"
version = "25.1.0"
description = "The uncompromising code formatter."
optional = false
python-versions = ">=3.9"
groups = ["dev"]
files = [
    {file = "black-25.1.0-cp310-cp310-macosx_10_9_x86_64.whl", hash = "sha256:759e7ec1e050a15f89b770cefbf91ebee8917aac5c20483bc2d80a6c3a04df32"},
    {file = "black-25.1.0-cp310-cp310-macosx_11_0_arm64.whl", hash = "sha256:0e519ecf93120f34243e6b0054db49c00a35f84f195d5bce7e9f5cfc578fc2da"},
    {file = "black-25.1.0-cp310-cp310-manylinux_2_17_x86_64.manylinux2014_x86_64.manylinux_2_28_x86_64.whl", hash = "sha256:055e59b198df7ac0b7efca5ad7ff2516bca343276c466be72eb04a3bcc1f82d7"},
    {file = "black-25.1.0-cp310-cp310-win_amd64.whl", hash = "sha256:db8ea9917d6f8fc62abd90d944920d95e73c83a5ee3383493e35d271aca872e9"},
    {file = "black-25.1.0-cp311-cp311-macosx_10_9_x86_64.whl", hash = "sha256:a39337598244de4bae26475f77dda852ea00a93bd4c728e09eacd827ec929df0"},
    {file = "black-25.1.0-cp311-cp311-macosx_11_0_arm64.whl", hash = "sha256:96c1c7cd856bba8e20094e36e0f948718dc688dba4a9d78c3adde52b9e6c2299"},
    {file = "black-25.1.0-cp311-cp311-manylinux_2_17_x86_64.manylinux2014_x86_64.manylinux_2_28_x86_64.whl", hash = "sha256:bce2e264d59c91e52d8000d507eb20a9aca4a778731a08cfff7e5ac4a4bb7096"},
    {file = "black-25.1.0-cp311-cp311-win_amd64.whl", hash = "sha256:172b1dbff09f86ce6f4eb8edf9dede08b1fce58ba194c87d7a4f1a5aa2f5b3c2"},
    {file = "black-25.1.0-cp312-cp312-macosx_10_13_x86_64.whl", hash = "sha256:4b60580e829091e6f9238c848ea6750efed72140b91b048770b64e74fe04908b"},
    {file = "black-25.1.0-cp312-cp312-macosx_11_0_arm64.whl", hash = "sha256:1e2978f6df243b155ef5fa7e558a43037c3079093ed5d10fd84c43900f2d8ecc"},
    {file = "black-25.1.0-cp312-cp312-manylinux_2_17_x86_64.manylinux2014_x86_64.manylinux_2_28_x86_64.whl", hash = "sha256:3b48735872ec535027d979e8dcb20bf4f70b5ac75a8ea99f127c106a7d7aba9f"},
    {file = "black-25.1.0-cp312-cp312-win_amd64.whl", hash = "sha256:ea0213189960bda9cf99be5b8c8ce66bb054af5e9e861249cd23471bd7b0b3ba"},
    {file = "black-25.1.0-cp313-cp313-macosx_10_13_x86_64.whl", hash = "sha256:8f0b18a02996a836cc9c9c78e5babec10930862827b1b724ddfe98ccf2f2fe4f"},
    {file = "black-25.1.0-cp313-cp313-macosx_11_0_arm64.whl", hash = "sha256:afebb7098bfbc70037a053b91ae8437c3857482d3a690fefc03e9ff7aa9a5fd3"},
    {file = "black-25.1.0-cp313-cp313-manylinux_2_17_x86_64.manylinux2014_x86_64.manylinux_2_28_x86_64.whl", hash = "sha256:030b9759066a4ee5e5aca28c3c77f9c64789cdd4de8ac1df642c40b708be6171"},
    {file = "black-25.1.0-cp313-cp313-win_amd64.whl", hash = "sha256:a22f402b410566e2d1c950708c77ebf5ebd5d0d88a6a2e87c86d9fb48afa0d18"},
    {file = "black-25.1.0-cp39-cp39-macosx_10_9_x86_64.whl", hash = "sha256:a1ee0a0c330f7b5130ce0caed9936a904793576ef4d2b98c40835d6a65afa6a0"},
    {file = "black-25.1.0-cp39-cp39-macosx_11_0_arm64.whl", hash = "sha256:f3df5f1bf91d36002b0a75389ca8663510cf0531cca8aa5c1ef695b46d98655f"},
    {file = "black-25.1.0-cp39-cp39-manylinux_2_17_x86_64.manylinux2014_x86_64.manylinux_2_28_x86_64.whl", hash = "sha256:d9e6827d563a2c820772b32ce8a42828dc6790f095f441beef18f96aa6f8294e"},
    {file = "black-25.1.0-cp39-cp39-win_amd64.whl", hash = "sha256:bacabb307dca5ebaf9c118d2d2f6903da0d62c9faa82bd21a33eecc319559355"},
    {file = "black-25.1.0-py3-none-any.whl", hash = "sha256:95e8176dae143ba9097f351d174fdaf0ccd29efb414b362ae3fd72bf0f710717"},
    {file = "black-25.1.0.tar.gz", hash = "sha256:33496d5cd1222ad73391352b4ae8da15253c5de89b93a80b3e2c8d9a19ec2666"},
]

[package.dependencies]
click = ">=8.0.0"
mypy-extensions = ">=0.4.3"
packaging = ">=22.0"
pathspec = ">=0.9.0"
platformdirs = ">=2"

[package.extras]
colorama = ["colorama (>=0.4.3)"]
d = ["aiohttp (>=3.10)"]
jupyter = ["ipython (>=7.8.0)", "tokenize-rt (>=3.2.0)"]
uvloop = ["uvloop (>=0.15.2)"]

[[package]]
name = "click"
version = "8.1.8"
description = "Composable command line interface toolkit"
optional = false
python-versions = ">=3.7"
groups = ["dev"]
files = [
    {file = "click-8.1.8-py3-none-any.whl", hash = "sha256:63c132bbbed01578a06712a2d1f497bb62d9c1c0d329b7903a866228027263b2"},
    {file = "click-8.1.8.tar.gz", hash = "sha256:ed53c9d8990d83c2a27deae68e4ee337473f6330c040a31d4225c9574d16096a"},
]

[package.dependencies]
colorama = {version = "*", markers = "platform_system == \"Windows\""}

[[package]]
name = "colorama"
version = "0.4.6"
description = "Cross-platform colored terminal text."
optional = false
python-versions = "!=3.0.*,!=3.1.*,!=3.2.*,!=3.3.*,!=3.4.*,!=3.5.*,!=3.6.*,>=2.7"
groups = ["main", "dev"]
markers = "platform_system == \"Windows\""
files = [
    {file = "colorama-0.4.6-py2.py3-none-any.whl", hash = "sha256:4f1d9991f5acc0ca119f9d443620b77f9d6b33703e51011c16baf57afb285fc6"},
    {file = "colorama-0.4.6.tar.gz", hash = "sha256:08695f5cb7ed6e0531a20572697297273c47b8cae5a63ffc6d6ed5c201be6e44"},
]

[[package]]
name = "fastcrc"
version = "0.3.2"
description = "A hyper-fast Python module for computing CRC(8, 16, 32, 64) checksum"
optional = false
python-versions = ">=3.7"
groups = ["main"]
files = [
    {file = "fastcrc-0.3.2-cp310-cp310-macosx_10_12_x86_64.whl", hash = "sha256:b02b35a6862f5a2b0f1c1ed3ab83b95b770e8865dd00a99e01dd6aa34189d8d8"},
    {file = "fastcrc-0.3.2-cp310-cp310-macosx_11_0_arm64.whl", hash = "sha256:3004ad912910c5f754c2b7135965ba1ed4c60c2cc6994697caaba1871c9f49a3"},
    {file = "fastcrc-0.3.2-cp310-cp310-manylinux_2_17_aarch64.manylinux2014_aarch64.whl", hash = "sha256:c5a941b7a80c0a284907019c3ca64af329d0b18b6e1323083a4542e2f00c1ce9"},
    {file = "fastcrc-0.3.2-cp310-cp310-manylinux_2_17_armv7l.manylinux2014_armv7l.whl", hash = "sha256:02ecaf4bb07a3c75f80b17cc2970c1b4011ff46f41d8c48d13bc3de3c9362389"},
    {file = "fastcrc-0.3.2-cp310-cp310-manylinux_2_17_ppc64le.manylinux2014_ppc64le.whl", hash = "sha256:0301088e82116017cf478662de5817db03a79243c4fbf12976be9bed652dd8ab"},
    {file = "fastcrc-0.3.2-cp310-cp310-manylinux_2_17_s390x.manylinux2014_s390x.whl", hash = "sha256:4f59bdeaa6c158c18aec9d34d9caf853fe3a872deafedc4df0a8d156cbc4dfd6"},
    {file = "fastcrc-0.3.2-cp310-cp310-manylinux_2_17_x86_64.manylinux2014_x86_64.whl", hash = "sha256:53cdca334bb9a1ccf31c5f379dac98738d41a62ce5c634606c805e39b731684b"},
    {file = "fastcrc-0.3.2-cp310-cp310-manylinux_2_5_i686.manylinux1_i686.whl", hash = "sha256:5885eea5122048ef79fd586c2283a5d9103455d975ed5f4965256a63aa2fc785"},
    {file = "fastcrc-0.3.2-cp310-none-win32.whl", hash = "sha256:99dd3f05445a97337a9564330cf310728ed0f3b2ac9f8caedf9fe2395c42b7e7"},
    {file = "fastcrc-0.3.2-cp310-none-win_amd64.whl", hash = "sha256:d3d6541a9d9dd72979122a7aa86af32ce8c02c051f53c225a101e4cb53d3993c"},
    {file = "fastcrc-0.3.2-cp311-cp311-macosx_10_12_x86_64.whl", hash = "sha256:453c2978e0d04d3c6f23f4d6697a5bcfcfb970e9186e8e1b9764cce9dd8f1efa"},
    {file = "fastcrc-0.3.2-cp311-cp311-macosx_11_0_arm64.whl", hash = "sha256:c86d990d484c79f95d9b353834a38ab7af179f41591b234cc3395c5b2a50b823"},
    {file = "fastcrc-0.3.2-cp311-cp311-manylinux_2_17_aarch64.manylinux2014_aarch64.whl", hash = "sha256:c8812e2ebb8dcc990ffca1ee97b7cb62fe979ff45eac3cf4c6f2349f076f4a1d"},
    {file = "fastcrc-0.3.2-cp311-cp311-manylinux_2_17_armv7l.manylinux2014_armv7l.whl", hash = "sha256:3d0f35b0a1da68d82027f00e9fcc7a17d81852fa70e5b527aa24948083976ef1"},
    {file = "fastcrc-0.3.2-cp311-cp311-manylinux_2_17_ppc64le.manylinux2014_ppc64le.whl", hash = "sha256:61c85f40f1f333d6e5151215062dd010edfa7c5626d692cdad7cf437cccd6ceb"},
    {file = "fastcrc-0.3.2-cp311-cp311-manylinux_2_17_s390x.manylinux2014_s390x.whl", hash = "sha256:819c839c2d63336bcfb48932382f3f14297d32d541d6819ddcd27493069d4b83"},
    {file = "fastcrc-0.3.2-cp311-cp311-manylinux_2_17_x86_64.manylinux2014_x86_64.whl", hash = "sha256:5d2c0832a014229293b2583ab39895cc2712a73fe6ec5712c87db210b11c41fc"},
    {file = "fastcrc-0.3.2-cp311-cp311-manylinux_2_5_i686.manylinux1_i686.whl", hash = "sha256:5019246289f50fcde7aa3b768ee35595b446b36acb85a97023d991a3b3735bec"},
    {file = "fastcrc-0.3.2-cp311-none-win32.whl", hash = "sha256:d3414ba146d01fc7e26c7dd0614c5f2582d0b317daa7cf13297bcb12f9146a13"},
    {file = "fastcrc-0.3.2-cp311-none-win_amd64.whl", hash = "sha256:e7811f35ba713fbc1def72dd47b01cda5ea567ed3fa9270d6f3aedce06fc94a1"},
    {file = "fastcrc-0.3.2-cp312-cp312-macosx_10_12_x86_64.whl", hash = "sha256:5333403aaa300a6dd9a09be57108fe097bf3999c1beefee290268fe29b969770"},
    {file = "fastcrc-0.3.2-cp312-cp312-macosx_11_0_arm64.whl", hash = "sha256:9e440928e38295e34cc3d10c0dd60c636f29f87b3f75eb712c655f24b234783e"},
    {file = "fastcrc-0.3.2-cp312-cp312-manylinux_2_17_aarch64.manylinux2014_aarch64.whl", hash = "sha256:53b66d2a2caf5fa39d2bdfa814b08a879812cbcf8659b1606c37c6c0063ab4dc"},
    {file = "fastcrc-0.3.2-cp312-cp312-manylinux_2_17_armv7l.manylinux2014_armv7l.whl", hash = "sha256:047ade898642d182f98ab91c2835a261ea347c65fea9b4cbacf9c2831ae0af9e"},
    {file = "fastcrc-0.3.2-cp312-cp312-manylinux_2_17_ppc64le.manylinux2014_ppc64le.whl", hash = "sha256:ea795a0d5561bdfe45648d7f0a5423c2a4aca9fa7bf11545185551ef6df2174d"},
    {file = "fastcrc-0.3.2-cp312-cp312-manylinux_2_17_s390x.manylinux2014_s390x.whl", hash = "sha256:22a4983946593f76a573992ba92a207ddd9792b4797575ee1ae9757ddeda40f1"},
    {file = "fastcrc-0.3.2-cp312-cp312-manylinux_2_17_x86_64.manylinux2014_x86_64.whl", hash = "sha256:3b0253a6408ffec884876bbfd7a0e602da1cba7f31ef63efcac3fb4600ec1f93"},
    {file = "fastcrc-0.3.2-cp312-cp312-manylinux_2_5_i686.manylinux1_i686.whl", hash = "sha256:854bbc2633a94ac5673a65d2793dc952d4b795357927997fa9cf6b941f7f52ac"},
    {file = "fastcrc-0.3.2-cp312-none-win32.whl", hash = "sha256:f47c3b4642683e653a4bb2dfb97049af60af57869298bd45b0a229be2816946f"},
    {file = "fastcrc-0.3.2-cp312-none-win_amd64.whl", hash = "sha256:858fd01ab7996cdc1801f4845273e25e81d66a1d64a6aa79f8acb0a77a5ffc68"},
    {file = "fastcrc-0.3.2-cp313-cp313-macosx_10_12_x86_64.whl", hash = "sha256:b848835c2521ad5a96413ce310243c325a911aad92860aa427afb19f28493657"},
    {file = "fastcrc-0.3.2-cp313-cp313-macosx_11_0_arm64.whl", hash = "sha256:e2d723fdf5df4444ed8ab1d3b8478d71162397243bbd26bd82f1e844a5ae4b88"},
    {file = "fastcrc-0.3.2-cp313-cp313-manylinux_2_17_aarch64.manylinux2014_aarch64.whl", hash = "sha256:4ec03598c258ab5267ed1303988d5d34f8c8d02839409bf0be04deb91f51a7d1"},
    {file = "fastcrc-0.3.2-cp313-cp313-manylinux_2_17_armv7l.manylinux2014_armv7l.whl", hash = "sha256:d923e9ea11ee35d129dc742ef76b5ab86e489cf6b7f404e02e413c4b98e4c838"},
    {file = "fastcrc-0.3.2-cp313-cp313-manylinux_2_17_ppc64le.manylinux2014_ppc64le.whl", hash = "sha256:f0c8c968237d580886e796da52c7d026e318652e60e0106d9557e2a25265c030"},
    {file = "fastcrc-0.3.2-cp313-cp313-manylinux_2_17_s390x.manylinux2014_s390x.whl", hash = "sha256:4dd95f209a575edae4f223c55b508b43c18d1e4ffdb0262fcd6bc55be355a96a"},
    {file = "fastcrc-0.3.2-cp313-cp313-manylinux_2_17_x86_64.manylinux2014_x86_64.whl", hash = "sha256:9465678d0fe17e4ccd63b13aadefc550521f7bd1ba7b176b5b7e118952f0097f"},
    {file = "fastcrc-0.3.2-cp313-cp313-manylinux_2_5_i686.manylinux1_i686.whl", hash = "sha256:bf3aca3a8d4c369bebaf601831b25917a0808dc7cf0d3060955c97d2a72951ae"},
    {file = "fastcrc-0.3.2-cp313-none-win32.whl", hash = "sha256:86f3c9e5844e5ffbbec1c17f059198a9b3f36ec3061f1128076ae2eb625101a3"},
    {file = "fastcrc-0.3.2-cp313-none-win_amd64.whl", hash = "sha256:a5b68367c9a837773ad1dc98ae66adb4d097a58430665a21bff548982db8f3b9"},
    {file = "fastcrc-0.3.2-cp37-cp37m-macosx_10_12_x86_64.whl", hash = "sha256:adfb72a051655d943b62520ab99e50c16bbfecf6de82fbe3ed1f278e2dadf0ff"},
    {file = "fastcrc-0.3.2-cp37-cp37m-macosx_11_0_arm64.whl", hash = "sha256:92f77198f107aad60654866256c33a4ec02e741c2dfde6be01c1a1921cbffe18"},
    {file = "fastcrc-0.3.2-cp37-cp37m-manylinux_2_17_aarch64.manylinux2014_aarch64.whl", hash = "sha256:3f11bdfe6ea8035ef87afd7abb9925978a565ad22f94b8dacd24a2b43cf7d7f9"},
    {file = "fastcrc-0.3.2-cp37-cp37m-manylinux_2_17_armv7l.manylinux2014_armv7l.whl", hash = "sha256:bfccbc71a2eff9702ebb400eea92079507e33f1ad7ace291b71966643ecae61c"},
    {file = "fastcrc-0.3.2-cp37-cp37m-manylinux_2_17_ppc64le.manylinux2014_ppc64le.whl", hash = "sha256:9eb591276a6b4857979670d695ff177c6e7a2017a95bfde465265eb82844b593"},
    {file = "fastcrc-0.3.2-cp37-cp37m-manylinux_2_17_s390x.manylinux2014_s390x.whl", hash = "sha256:5757b206096b1b5e7a2b5c80134f235d06310343fa2bb0ff5158bddb7aacb72e"},
    {file = "fastcrc-0.3.2-cp37-cp37m-manylinux_2_17_x86_64.manylinux2014_x86_64.whl", hash = "sha256:a84f4c799791182e05f82f4069489416a648ee45f94d8003d97adc91f96f3703"},
    {file = "fastcrc-0.3.2-cp37-cp37m-manylinux_2_5_i686.manylinux1_i686.whl", hash = "sha256:e3c8b88c8526221661f534aa27a40a0627cc848345e2c543beeb838ecd96d755"},
    {file = "fastcrc-0.3.2-cp37-none-win32.whl", hash = "sha256:037101135517a02fbbac072749e7e82fa59f8517aa1ed7f9001e60e5e8ebade1"},
    {file = "fastcrc-0.3.2-cp37-none-win_amd64.whl", hash = "sha256:c19f66dd360823e5aa42d5f19c031813f9c6f314a91720d1e21e06a83a5e3817"},
    {file = "fastcrc-0.3.2-cp38-cp38-macosx_10_12_x86_64.whl", hash = "sha256:82d1a989b037b2a5a2c60216c02d24646510308eaf37db4ab1c28f319f5f06cb"},
    {file = "fastcrc-0.3.2-cp38-cp38-macosx_11_0_arm64.whl", hash = "sha256:aff75d87f8840fd91eaa6e722d91dfeece6abded1aa18cab9592f5886bbde199"},
    {file = "fastcrc-0.3.2-cp38-cp38-manylinux_2_17_aarch64.manylinux2014_aarch64.whl", hash = "sha256:34a6e12e8c698606c86dc01152a52612a43f910a53dcd614d5d6f446c7904921"},
    {file = "fastcrc-0.3.2-cp38-cp38-manylinux_2_17_armv7l.manylinux2014_armv7l.whl", hash = "sha256:fb5f8a445e4f4600be53fd92e5016fc09b0d31d4428387f13fe6385cc499a4af"},
    {file = "fastcrc-0.3.2-cp38-cp38-manylinux_2_17_ppc64le.manylinux2014_ppc64le.whl", hash = "sha256:9e33252ad8ec345f239ac2caaac56cd310478f8d1f7a5b4109c6fc4deeb62080"},
    {file = "fastcrc-0.3.2-cp38-cp38-manylinux_2_17_s390x.manylinux2014_s390x.whl", hash = "sha256:c9fd18be90a5ee0b472e92292f75061d687edbeea86419db4d85a4126b8a48ea"},
    {file = "fastcrc-0.3.2-cp38-cp38-manylinux_2_17_x86_64.manylinux2014_x86_64.whl", hash = "sha256:215fbc340a28d4028741758d929901bd4a406430d2d2cde5d80e8b1df20143b1"},
    {file = "fastcrc-0.3.2-cp38-cp38-manylinux_2_5_i686.manylinux1_i686.whl", hash = "sha256:c0632f9e9ffcb736872924268a486a02991726314e9dd870ca718ef6caaead51"},
    {file = "fastcrc-0.3.2-cp38-none-win32.whl", hash = "sha256:675bceda4fc316a3bd4ad99bb89f98a3596254299d23a4ffe85764a26890fd85"},
    {file = "fastcrc-0.3.2-cp38-none-win_amd64.whl", hash = "sha256:774ec86687bed8e3d5e2d2315a117545adf24bf6e08b19c307d986d129dfef04"},
    {file = "fastcrc-0.3.2-cp39-cp39-macosx_10_12_x86_64.whl", hash = "sha256:0e579a2b6de60eef3317091cccd6dc9679e87358a58cfb0466d488dd9415d223"},
    {file = "fastcrc-0.3.2-cp39-cp39-macosx_11_0_arm64.whl", hash = "sha256:0525b29f469f79a1f12617fdbd9fc4b45c66ac90198179a2bf64243b651dabfc"},
    {file = "fastcrc-0.3.2-cp39-cp39-manylinux_2_17_aarch64.manylinux2014_aarch64.whl", hash = "sha256:219245eb79a24efe5a0c7350bfed2bcbe63488d976a3900aff6aed8562e17f35"},
    {file = "fastcrc-0.3.2-cp39-cp39-manylinux_2_17_armv7l.manylinux2014_armv7l.whl", hash = "sha256:078a21d6ada812be671d5d861066fd04f0c395594a46b1db99a4fa0923cefa24"},
    {file = "fastcrc-0.3.2-cp39-cp39-manylinux_2_17_ppc64le.manylinux2014_ppc64le.whl", hash = "sha256:27713218416252b195a1a2df6292450f1860b4c54469ffc16652d167540228e0"},
    {file = "fastcrc-0.3.2-cp39-cp39-manylinux_2_17_s390x.manylinux2014_s390x.whl", hash = "sha256:176e6a03a570e93b8868f7051985e67ef30742c4bd1df4677421f7384ccbd2c7"},
    {file = "fastcrc-0.3.2-cp39-cp39-manylinux_2_17_x86_64.manylinux2014_x86_64.whl", hash = "sha256:c184e19f93ad5dba3b1578d2c04ffb26c8bb9788b58ee03e8f956523b65c7d9e"},
    {file = "fastcrc-0.3.2-cp39-cp39-manylinux_2_5_i686.manylinux1_i686.whl", hash = "sha256:b974f419ba9117cea8c54745475be8786ec00d85c9251bceab1ab8937aac2b2c"},
    {file = "fastcrc-0.3.2-cp39-none-win32.whl", hash = "sha256:93b72d799eea4a17d3df042de455339368d39f9f96e07e7c19c530f00811ea0a"},
    {file = "fastcrc-0.3.2-cp39-none-win_amd64.whl", hash = "sha256:46716bc4aa48b56cc03e64f0e6d973b255910237345c36b69c832753e06426bc"},
    {file = "fastcrc-0.3.2-pp310-pypy310_pp73-macosx_10_12_x86_64.whl", hash = "sha256:70c3d660acafbe684e2b7ee548f0bb8b661a7481756c86d8b1408d78a071bf3d"},
    {file = "fastcrc-0.3.2-pp310-pypy310_pp73-macosx_11_0_arm64.whl", hash = "sha256:2fc3489d5be7ee5a940c38cddde52bb7b7c3dc8c9a8787301ab0eecac9096cf2"},
    {file = "fastcrc-0.3.2-pp310-pypy310_pp73-manylinux_2_17_aarch64.manylinux2014_aarch64.whl", hash = "sha256:a822a37575c0a1fc0ffcf4ee3b6cf23b3c238a856685654c84be347b3b192abe"},
    {file = "fastcrc-0.3.2-pp310-pypy310_pp73-manylinux_2_17_armv7l.manylinux2014_armv7l.whl", hash = "sha256:efe319719fb2912d9b1c33d8bcc9f3a66547a7ff131b55ad252c3c01e2126603"},
    {file = "fastcrc-0.3.2-pp310-pypy310_pp73-manylinux_2_17_ppc64le.manylinux2014_ppc64le.whl", hash = "sha256:2521637ddcac21fa90761068bb2b2ee6cad0554b85ab320431e7a74504c33adf"},
    {file = "fastcrc-0.3.2-pp310-pypy310_pp73-manylinux_2_17_s390x.manylinux2014_s390x.whl", hash = "sha256:f97bf58d86bdf145b9635117dbb21afc137deb2f1f6869430c4f8c585aaa1619"},
    {file = "fastcrc-0.3.2-pp310-pypy310_pp73-manylinux_2_17_x86_64.manylinux2014_x86_64.whl", hash = "sha256:e33373b9b7325d93af5486c6414404b57e0ab48a0a1ea0125712c42607c6efcc"},
    {file = "fastcrc-0.3.2-pp310-pypy310_pp73-manylinux_2_5_i686.manylinux1_i686.whl", hash = "sha256:fa14a0f06b38e1c5689c4f6c6bfcdeee24de219385af5bd2356a73afdcdee896"},
    {file = "fastcrc-0.3.2-pp38-pypy38_pp73-macosx_10_12_x86_64.whl", hash = "sha256:b6fd2d2276f02f095104672a8797d032ea142b6d3973404b934f8c02c79cce12"},
    {file = "fastcrc-0.3.2-pp38-pypy38_pp73-macosx_11_0_arm64.whl", hash = "sha256:db3b31239f0f4fe74de37cd7c823716b52cf7e6bb7ce6b54e2fafa5d67e05246"},
    {file = "fastcrc-0.3.2-pp38-pypy38_pp73-manylinux_2_17_aarch64.manylinux2014_aarch64.whl", hash = "sha256:5fd80edbc3994f449656e3d95aa42a3b08c3c6fc55d3619d87fdf01fca149480"},
    {file = "fastcrc-0.3.2-pp38-pypy38_pp73-manylinux_2_17_armv7l.manylinux2014_armv7l.whl", hash = "sha256:c465a4ee71594ccb2a46227fe64d41d643c8e3ce673b19106f4bb7273da0747f"},
    {file = "fastcrc-0.3.2-pp38-pypy38_pp73-manylinux_2_17_ppc64le.manylinux2014_ppc64le.whl", hash = "sha256:10617a0a57adb7162f26d6f8c4a4a0fa770a0ef734e5faf7b832ef177344e791"},
    {file = "fastcrc-0.3.2-pp38-pypy38_pp73-manylinux_2_17_s390x.manylinux2014_s390x.whl", hash = "sha256:2859472ab4c8ab620c01a2ae00536541e5981fe565b95eb84e49ec4321154252"},
    {file = "fastcrc-0.3.2-pp38-pypy38_pp73-manylinux_2_17_x86_64.manylinux2014_x86_64.whl", hash = "sha256:fa1499a719e445a7d87709a13f4959265b76ff9f7b316268157d43f1d0f08434"},
    {file = "fastcrc-0.3.2-pp38-pypy38_pp73-manylinux_2_5_i686.manylinux1_i686.whl", hash = "sha256:f0612ba25f1e4503f3001188cb5ddc03ea5085dab836cd5843edf2655545e043"},
    {file = "fastcrc-0.3.2-pp39-pypy39_pp73-macosx_10_12_x86_64.whl", hash = "sha256:7d2a7350fbb83528d72cac1d2ede9282aa9a3d1597e0e8ac307898986f67693e"},
    {file = "fastcrc-0.3.2-pp39-pypy39_pp73-macosx_11_0_arm64.whl", hash = "sha256:2113206dd9c4e8938948a1fe4d0a984813c1e05bd6aed76bc94e5e8db950f6e2"},
    {file = "fastcrc-0.3.2-pp39-pypy39_pp73-manylinux_2_17_aarch64.manylinux2014_aarch64.whl", hash = "sha256:2ef696e7981dad4b478e5e72b96ca85d35a37c66cb1cb83c4c2f596435910f0c"},
    {file = "fastcrc-0.3.2-pp39-pypy39_pp73-manylinux_2_17_armv7l.manylinux2014_armv7l.whl", hash = "sha256:f6d928d05b9d99615abba45dd4d6c7a8643f3b2fb58156c20ed49c3f44fae3bd"},
    {file = "fastcrc-0.3.2-pp39-pypy39_pp73-manylinux_2_17_ppc64le.manylinux2014_ppc64le.whl", hash = "sha256:28581d371928a0507b5e8c329241432f8779eb63d202d53e08dce6c506185586"},
    {file = "fastcrc-0.3.2-pp39-pypy39_pp73-manylinux_2_17_s390x.manylinux2014_s390x.whl", hash = "sha256:cffeec911796bc8e51f14e2eb0a55461363bc5cad27e35c270e7afe85df1c530"},
    {file = "fastcrc-0.3.2-pp39-pypy39_pp73-manylinux_2_17_x86_64.manylinux2014_x86_64.whl", hash = "sha256:8ee171a8fa8f879e0904df99e690f5e3c04439e027138af1df942df3dc1f061a"},
    {file = "fastcrc-0.3.2-pp39-pypy39_pp73-manylinux_2_5_i686.manylinux1_i686.whl", hash = "sha256:e9cc2cca642cdd6c855e7e126b107ff7a8d159ff1b38793e15c3236b8f7579cf"},
    {file = "fastcrc-0.3.2.tar.gz", hash = "sha256:22362bb54e1bafc4f3e35544e40162481b2822c48ede1f5c2784820afad2c561"},
]

[[package]]
name = "fire"
version = "0.7.0"
description = "A library for automatically generating command line interfaces."
optional = false
python-versions = "*"
groups = ["main"]
files = [
    {file = "fire-0.7.0.tar.gz", hash = "sha256:961550f07936eaf65ad1dc8360f2b2bf8408fad46abbfa4d2a3794f8d2a95cdf"},
]

[package.dependencies]
termcolor = "*"

[[package]]
name = "mypy-extensions"
version = "1.0.0"
description = "Type system extensions for programs checked with the mypy type checker."
optional = false
python-versions = ">=3.5"
groups = ["dev"]
files = [
    {file = "mypy_extensions-1.0.0-py3-none-any.whl", hash = "sha256:4392f6c0eb8a5668a69e23d168ffa70f0be9ccfd32b5cc2d26a34ae5b844552d"},
    {file = "mypy_extensions-1.0.0.tar.gz", hash = "sha256:75dbf8955dc00442a438fc4d0666508a9a97b6bd41aa2f0ffe9d2f2725af0782"},
]

[[package]]
name = "packaging"
version = "24.2"
description = "Core utilities for Python packages"
optional = false
python-versions = ">=3.8"
groups = ["dev"]
files = [
    {file = "packaging-24.2-py3-none-any.whl", hash = "sha256:09abb1bccd265c01f4a3aa3f7a7db064b36514d2cba19a2f694fe6150451a759"},
    {file = "packaging-24.2.tar.gz", hash = "sha256:c228a6dc5e932d346bc5739379109d49e8853dd8223571c7c5b55260edc0b97f"},
]

[[package]]
name = "pathspec"
version = "0.12.1"
description = "Utility library for gitignore style pattern matching of file paths."
optional = false
python-versions = ">=3.8"
groups = ["dev"]
files = [
    {file = "pathspec-0.12.1-py3-none-any.whl", hash = "sha256:a0d503e138a4c123b27490a4f7beda6a01c6f288df0e4a8b79c7eb0dc7b4cc08"},
    {file = "pathspec-0.12.1.tar.gz", hash = "sha256:a482d51503a1ab33b1c67a6c3813a26953dbdc71c31dacaef9a838c4e29f5712"},
]

[[package]]
name = "platformdirs"
version = "4.3.7"
description = "A small Python package for determining appropriate platform-specific dirs, e.g. a `user data dir`."
optional = false
python-versions = ">=3.9"
groups = ["dev"]
files = [
    {file = "platformdirs-4.3.7-py3-none-any.whl", hash = "sha256:a03875334331946f13c549dbd8f4bac7a13a50a895a0eb1e8c6a8ace80d40a94"},
    {file = "platformdirs-4.3.7.tar.gz", hash = "sha256:eb437d586b6a0986388f0d6f74aa0cde27b48d0e3d66843640bfb6bdcdb6e351"},
]

[package.extras]
docs = ["furo (>=2024.8.6)", "proselint (>=0.14)", "sphinx (>=8.1.3)", "sphinx-autodoc-typehints (>=3)"]
test = ["appdirs (==1.4.4)", "covdefaults (>=2.3)", "pytest (>=8.3.4)", "pytest-cov (>=6)", "pytest-mock (>=3.14)"]
type = ["mypy (>=1.14.1)"]

[[package]]
name = "termcolor"
version = "3.0.1"
description = "ANSI color formatting for output in terminal"
optional = false
python-versions = ">=3.9"
groups = ["main"]
files = [
    {file = "termcolor-3.0.1-py3-none-any.whl", hash = "sha256:da1ed4ec8a5dc5b2e17476d859febdb3cccb612be1c36e64511a6f2485c10c69"},
    {file = "termcolor-3.0.1.tar.gz", hash = "sha256:a6abd5c6e1284cea2934443ba806e70e5ec8fd2449021be55c280f8a3731b611"},
]

[package.extras]
tests = ["pytest", "pytest-cov"]

[[package]]
name = "tqdm"
version = "4.67.1"
description = "Fast, Extensible Progress Meter"
optional = false
python-versions = ">=3.7"
groups = ["main"]
files = [
    {file = "tqdm-4.67.1-py3-none-any.whl", hash = "sha256:26445eca388f82e72884e0d580d5464cd801a3ea01e63e5601bdff9ba6a48de2"},
    {file = "tqdm-4.67.1.tar.gz", hash = "sha256:f8aef9c52c08c13a65f30ea34f4e5aac3fd1a34959879d7e59e63027286627f2"},
]

[package.dependencies]
colorama = {version = "*", markers = "platform_system == \"Windows\""}

[package.extras]
dev = ["nbval", "pytest (>=6)", "pytest-asyncio (>=0.24)", "pytest-cov", "pytest-timeout"]
discord = ["requests"]
notebook = ["ipywidgets (>=6)"]
slack = ["slack-sdk"]
telegram = ["requests"]

[metadata]
lock-version = "2.1"
python-versions = "^3.13"
content-hash = "538c2504a815240bef9008ce2cd4618d3db330195bf2caeee44cedcd9b737893"
